{
  "version": 4,
  "terraform_version": "1.14.3",
  "serial": 38,
  "lineage": "a9e57319-6d57-adca-1a7a-6f316921cf6d",
  "outputs": {
    "private_ips": {
      "value": {
        "master": "10.0.1.6",
        "worker": "10.0.1.4"
      },
      "type": [
        "object",
        {
          "master": "string",
          "worker": "string"
        }
      ]
    },
    "public_ips": {
      "value": {
        "master": "4.233.62.142",
        "worker": "4.233.60.193"
      },
      "type": [
        "object",
        {
          "master": "string",
          "worker": "string"
        }
      ]
    },
    "ssh_commands": {
      "value": {
        "master": "ssh azureuser@4.233.62.142",
        "worker": "ssh azureuser@4.233.60.193"
      },
      "type": [
        "object",
        {
          "master": "string",
          "worker": "string"
        }
      ]
    }
  },
  "resources": [
    {
      "mode": "managed",
      "type": "azurerm_linux_virtual_machine",
      "name": "vm",
      "provider": "provider[\"registry.terraform.io/hashicorp/azurerm\"]",
      "instances": [
        {
          "index_key": "master",
          "schema_version": 0,
          "attributes": {
            "additional_capabilities": [],
            "admin_password": null,
            "admin_ssh_key": [
              {
                "public_key": "ssh-rsa AAAAB3NzaC1yc2EAAAADAQABAAACAQDBqr0kj6Fy/3Fx90cAnaixlM120CTFo0KDvqq3kw5FotqN0zhXuon8gzYApggmetPC1VygTkKxth2F8801Y2eICsgt3tBTq4yr0g+k6G25jvG4BTcd58apE4A+zS3Q9Pwe3ABqJKwp2poa76V9PKw/anPQ3+e8vFXipAZsrLkIm1Nx8CdtmVklPCorvH10jU0T1G3xkXyewwrIi0Ye7Wgc5PrGexijUGSqjMgGPFERi5qdnF6kktNUyDRBYejX9SIb0lF/Fy7dYjRqOd+I/9lN14wPc/r4h7QvHfXXCUg27nu3292wBxBvsQHBX9mJR95NwCJYVx7l1qCr91XWqCmbz4I+MScX1XD1BKm0/QR1TN5WLkg8EyhVw5XqBy4g9XoVGyNnu1eKr7exgDIDYoxCYD6ciNssLdKuyX8glORns/K085hdxKotejevfAUF2zMTqHwk+pBWFd1DkzokKVyG5VZwGR8zY1Fk5nFLLsUzyPgrJC6m7dF19spJ4+deM9dsejkIci+Fhh6LpRNzktvkA6vHJIQPf8XCrot40AAkN3Djt4KCK/GkDcoVzQ/YETfYgoJ1sRI22r1/hpcRokBxYwr6VPAT7vJsNH0C62gF76nHlVVcoMqqzuaxVtzBrx08pVdgrwhK8f8wXfLSoWKw5Sl3NdyvGyexSVBN/7CzFQ== hakim@azure\n",
                "username": "azureuser"
              }
            ],
            "admin_username": "azureuser",
            "allow_extension_operations": true,
            "availability_set_id": "",
            "boot_diagnostics": [],
            "bypass_platform_safety_checks_on_user_schedule_enabled": false,
            "capacity_reservation_group_id": "",
            "computer_name": "master-vm",
            "custom_data": null,
            "dedicated_host_group_id": "",
            "dedicated_host_id": "",
            "disable_password_authentication": true,
            "disk_controller_type": "",
            "edge_zone": "",
            "encryption_at_host_enabled": false,
            "eviction_policy": "",
            "extensions_time_budget": "PT1H30M",
            "gallery_application": [],
            "id": "/subscriptions/8686b74f-045d-478a-8a33-7f755e36eecf/resourceGroups/rg-k8s-formschratech/providers/Microsoft.Compute/virtualMachines/master-vm",
            "identity": [],
            "license_type": "",
            "location": "francecentral",
            "max_bid_price": -1,
            "name": "master-vm",
            "network_interface_ids": [
              "/subscriptions/8686b74f-045d-478a-8a33-7f755e36eecf/resourceGroups/rg-k8s-formschratech/providers/Microsoft.Network/networkInterfaces/master-nic"
            ],
            "os_disk": [
              {
                "caching": "ReadWrite",
                "diff_disk_settings": [],
                "disk_encryption_set_id": "",
                "disk_size_gb": 30,
                "id": "/subscriptions/8686b74f-045d-478a-8a33-7f755e36eecf/resourceGroups/rg-k8s-formschratech/providers/Microsoft.Compute/disks/master-vm_OsDisk_1_74ecd9e3c4764a74a39516944319f390",
                "name": "master-vm_OsDisk_1_74ecd9e3c4764a74a39516944319f390",
                "secure_vm_disk_encryption_set_id": "",
                "security_encryption_type": "",
                "storage_account_type": "Standard_LRS",
                "write_accelerator_enabled": false
              }
            ],
            "os_image_notification": [],
            "os_managed_disk_id": "/subscriptions/8686b74f-045d-478a-8a33-7f755e36eecf/resourceGroups/rg-k8s-formschratech/providers/Microsoft.Compute/disks/master-vm_OsDisk_1_74ecd9e3c4764a74a39516944319f390",
            "patch_assessment_mode": "ImageDefault",
            "patch_mode": "ImageDefault",
            "plan": [],
            "platform_fault_domain": -1,
            "priority": "Regular",
            "private_ip_address": "10.0.1.6",
            "private_ip_addresses": [
              "10.0.1.6"
            ],
            "provision_vm_agent": true,
            "proximity_placement_group_id": "",
            "public_ip_address": "4.233.62.142",
            "public_ip_addresses": [
              "4.233.62.142"
            ],
            "reboot_setting": "",
            "resource_group_name": "rg-k8s-formschratech",
            "secret": [],
            "secure_boot_enabled": false,
            "size": "Standard_B2s",
            "source_image_id": "",
            "source_image_reference": [
              {
                "offer": "0001-com-ubuntu-server-jammy",
                "publisher": "Canonical",
                "sku": "22_04-lts",
                "version": "latest"
              }
            ],
            "tags": {
              "role": "master"
            },
            "termination_notification": null,
            "timeouts": null,
            "user_data": "",
            "virtual_machine_id": "0c5440a6-e32b-490f-ba97-f78856822670",
            "virtual_machine_scale_set_id": "",
            "vm_agent_platform_updates_enabled": false,
            "vtpm_enabled": false,
            "zone": ""
          },
          "sensitive_attributes": [
            [
              {
                "type": "get_attr",
                "value": "admin_password"
              }
            ],
            [
              {
                "type": "get_attr",
                "value": "custom_data"
              }
            ]
          ],
          "identity_schema_version": 0,
          "private": "eyJlMmJmYjczMC1lY2FhLTExZTYtOGY4OC0zNDM2M2JjN2M0YzAiOnsiY3JlYXRlIjoyNzAwMDAwMDAwMDAwLCJkZWxldGUiOjI3MDAwMDAwMDAwMDAsInJlYWQiOjMwMDAwMDAwMDAwMCwidXBkYXRlIjoyNzAwMDAwMDAwMDAwfX0=",
          "dependencies": [
            "azurerm_network_interface.nic",
            "azurerm_public_ip.pip",
            "azurerm_resource_group.rg",
            "azurerm_subnet.subnet",
            "azurerm_virtual_network.vnet"
          ]
        },
        {
          "index_key": "worker",
          "schema_version": 0,
          "attributes": {
            "additional_capabilities": [],
            "admin_password": null,
            "admin_ssh_key": [
              {
                "public_key": "ssh-rsa AAAAB3NzaC1yc2EAAAADAQABAAACAQDBqr0kj6Fy/3Fx90cAnaixlM120CTFo0KDvqq3kw5FotqN0zhXuon8gzYApggmetPC1VygTkKxth2F8801Y2eICsgt3tBTq4yr0g+k6G25jvG4BTcd58apE4A+zS3Q9Pwe3ABqJKwp2poa76V9PKw/anPQ3+e8vFXipAZsrLkIm1Nx8CdtmVklPCorvH10jU0T1G3xkXyewwrIi0Ye7Wgc5PrGexijUGSqjMgGPFERi5qdnF6kktNUyDRBYejX9SIb0lF/Fy7dYjRqOd+I/9lN14wPc/r4h7QvHfXXCUg27nu3292wBxBvsQHBX9mJR95NwCJYVx7l1qCr91XWqCmbz4I+MScX1XD1BKm0/QR1TN5WLkg8EyhVw5XqBy4g9XoVGyNnu1eKr7exgDIDYoxCYD6ciNssLdKuyX8glORns/K085hdxKotejevfAUF2zMTqHwk+pBWFd1DkzokKVyG5VZwGR8zY1Fk5nFLLsUzyPgrJC6m7dF19spJ4+deM9dsejkIci+Fhh6LpRNzktvkA6vHJIQPf8XCrot40AAkN3Djt4KCK/GkDcoVzQ/YETfYgoJ1sRI22r1/hpcRokBxYwr6VPAT7vJsNH0C62gF76nHlVVcoMqqzuaxVtzBrx08pVdgrwhK8f8wXfLSoWKw5Sl3NdyvGyexSVBN/7CzFQ== hakim@azure\n",
                "username": "azureuser"
              }
            ],
            "admin_username": "azureuser",
            "allow_extension_operations": true,
            "availability_set_id": "",
            "boot_diagnostics": [],
            "bypass_platform_safety_checks_on_user_schedule_enabled": false,
            "capacity_reservation_group_id": "",
            "computer_name": "worker-vm",
            "custom_data": null,
            "dedicated_host_group_id": "",
            "dedicated_host_id": "",
            "disable_password_authentication": true,
            "disk_controller_type": "",
            "edge_zone": "",
            "encryption_at_host_enabled": false,
            "eviction_policy": "",
            "extensions_time_budget": "PT1H30M",
            "gallery_application": [],
            "id": "/subscriptions/8686b74f-045d-478a-8a33-7f755e36eecf/resourceGroups/rg-k8s-formschratech/providers/Microsoft.Compute/virtualMachines/worker-vm",
            "identity": [],
            "license_type": "",
            "location": "francecentral",
            "max_bid_price": -1,
            "name": "worker-vm",
            "network_interface_ids": [
              "/subscriptions/8686b74f-045d-478a-8a33-7f755e36eecf/resourceGroups/rg-k8s-formschratech/providers/Microsoft.Network/networkInterfaces/worker-nic"
            ],
            "os_disk": [
              {
                "caching": "ReadWrite",
                "diff_disk_settings": [],
                "disk_encryption_set_id": "",
                "disk_size_gb": 30,
                "id": "/subscriptions/8686b74f-045d-478a-8a33-7f755e36eecf/resourceGroups/rg-k8s-formschratech/providers/Microsoft.Compute/disks/worker-vm_OsDisk_1_794f0cd7baf8420384fd5cf116688530",
                "name": "worker-vm_OsDisk_1_794f0cd7baf8420384fd5cf116688530",
                "secure_vm_disk_encryption_set_id": "",
                "security_encryption_type": "",
                "storage_account_type": "Standard_LRS",
                "write_accelerator_enabled": false
              }
            ],
            "os_image_notification": [],
            "os_managed_disk_id": "/subscriptions/8686b74f-045d-478a-8a33-7f755e36eecf/resourceGroups/rg-k8s-formschratech/providers/Microsoft.Compute/disks/worker-vm_OsDisk_1_794f0cd7baf8420384fd5cf116688530",
            "patch_assessment_mode": "ImageDefault",
            "patch_mode": "ImageDefault",
            "plan": [],
            "platform_fault_domain": -1,
            "priority": "Regular",
            "private_ip_address": "10.0.1.4",
            "private_ip_addresses": [
              "10.0.1.4"
            ],
            "provision_vm_agent": true,
            "proximity_placement_group_id": "",
            "public_ip_address": "4.233.60.193",
            "public_ip_addresses": [
              "4.233.60.193"
            ],
            "reboot_setting": "",
            "resource_group_name": "rg-k8s-formschratech",
            "secret": [],
            "secure_boot_enabled": false,
            "size": "Standard_B2s",
            "source_image_id": "",
            "source_image_reference": [
              {
                "offer": "0001-com-ubuntu-server-jammy",
                "publisher": "Canonical",
                "sku": "22_04-lts",
                "version": "latest"
              }
            ],
            "tags": {
              "role": "worker"
            },
            "termination_notification": null,
            "timeouts": null,
            "user_data": "",
            "virtual_machine_id": "e9891236-6631-4ac7-887a-8f766484092f",
            "virtual_machine_scale_set_id": "",
            "vm_agent_platform_updates_enabled": false,
            "vtpm_enabled": false,
            "zone": ""
          },
          "sensitive_attributes": [
            [
              {
                "type": "get_attr",
                "value": "admin_password"
              }
            ],
            [
              {
                "type": "get_attr",
                "value": "custom_data"
              }
            ]
          ],
          "identity_schema_version": 0,
          "private": "eyJlMmJmYjczMC1lY2FhLTExZTYtOGY4OC0zNDM2M2JjN2M0YzAiOnsiY3JlYXRlIjoyNzAwMDAwMDAwMDAwLCJkZWxldGUiOjI3MDAwMDAwMDAwMDAsInJlYWQiOjMwMDAwMDAwMDAwMCwidXBkYXRlIjoyNzAwMDAwMDAwMDAwfX0=",
          "dependencies": [
            "azurerm_network_interface.nic",
            "azurerm_public_ip.pip",
            "azurerm_resource_group.rg",
            "azurerm_subnet.subnet",
            "azurerm_virtual_network.vnet"
          ]
        }
      ]
    },
    {
      "mode": "managed",
      "type": "azurerm_network_interface",
      "name": "nic",
      "provider": "provider[\"registry.terraform.io/hashicorp/azurerm\"]",
      "instances": [
        {
          "index_key": "master",
          "schema_version": 0,
          "attributes": {
            "accelerated_networking_enabled": false,
            "applied_dns_servers": [],
            "auxiliary_mode": "",
            "auxiliary_sku": "",
            "dns_servers": [],
            "edge_zone": "",
            "id": "/subscriptions/8686b74f-045d-478a-8a33-7f755e36eecf/resourceGroups/rg-k8s-formschratech/providers/Microsoft.Network/networkInterfaces/master-nic",
            "internal_dns_name_label": "",
            "internal_domain_name_suffix": "y2sfeleyzxaezcshpvbyz1r2kb.parx.internal.cloudapp.net",
            "ip_configuration": [
              {
                "gateway_load_balancer_frontend_ip_configuration_id": "",
                "name": "internal",
                "primary": true,
                "private_ip_address": "10.0.1.6",
                "private_ip_address_allocation": "Dynamic",
                "private_ip_address_version": "IPv4",
                "public_ip_address_id": "/subscriptions/8686b74f-045d-478a-8a33-7f755e36eecf/resourceGroups/rg-k8s-formschratech/providers/Microsoft.Network/publicIPAddresses/master-pip",
                "subnet_id": "/subscriptions/8686b74f-045d-478a-8a33-7f755e36eecf/resourceGroups/rg-k8s-formschratech/providers/Microsoft.Network/virtualNetworks/k8s-vnet/subnets/k8s-subnet"
              }
            ],
            "ip_forwarding_enabled": false,
            "location": "francecentral",
            "mac_address": "",
            "name": "master-nic",
            "private_ip_address": "10.0.1.6",
            "private_ip_addresses": [
              "10.0.1.6"
            ],
            "resource_group_name": "rg-k8s-formschratech",
            "tags": {},
            "timeouts": null,
            "virtual_machine_id": ""
          },
          "sensitive_attributes": [],
          "identity_schema_version": 0,
          "identity": {
            "name": "master-nic",
            "resource_group_name": "rg-k8s-formschratech",
            "subscription_id": "8686b74f-045d-478a-8a33-7f755e36eecf"
          },
          "private": "eyJlMmJmYjczMC1lY2FhLTExZTYtOGY4OC0zNDM2M2JjN2M0YzAiOnsiY3JlYXRlIjoxODAwMDAwMDAwMDAwLCJkZWxldGUiOjE4MDAwMDAwMDAwMDAsInJlYWQiOjMwMDAwMDAwMDAwMCwidXBkYXRlIjoxODAwMDAwMDAwMDAwfX0=",
          "dependencies": [
            "azurerm_public_ip.pip",
            "azurerm_resource_group.rg",
            "azurerm_subnet.subnet",
            "azurerm_virtual_network.vnet"
          ]
        },
        {
          "index_key": "worker",
          "schema_version": 0,
          "attributes": {
            "accelerated_networking_enabled": false,
            "applied_dns_servers": [],
            "auxiliary_mode": "",
            "auxiliary_sku": "",
            "dns_servers": null,
            "edge_zone": "",
            "id": "/subscriptions/8686b74f-045d-478a-8a33-7f755e36eecf/resourceGroups/rg-k8s-formschratech/providers/Microsoft.Network/networkInterfaces/worker-nic",
            "internal_dns_name_label": "",
            "internal_domain_name_suffix": "y2sfeleyzxaezcshpvbyz1r2kb.parx.internal.cloudapp.net",
            "ip_configuration": [
              {
                "gateway_load_balancer_frontend_ip_configuration_id": "",
                "name": "internal",
                "primary": true,
                "private_ip_address": "10.0.1.4",
                "private_ip_address_allocation": "Dynamic",
                "private_ip_address_version": "IPv4",
                "public_ip_address_id": "/subscriptions/8686b74f-045d-478a-8a33-7f755e36eecf/resourceGroups/rg-k8s-formschratech/providers/Microsoft.Network/publicIPAddresses/worker-pip",
                "subnet_id": "/subscriptions/8686b74f-045d-478a-8a33-7f755e36eecf/resourceGroups/rg-k8s-formschratech/providers/Microsoft.Network/virtualNetworks/k8s-vnet/subnets/k8s-subnet"
              }
            ],
            "ip_forwarding_enabled": false,
            "location": "francecentral",
            "mac_address": "",
            "name": "worker-nic",
            "private_ip_address": "10.0.1.4",
            "private_ip_addresses": [
              "10.0.1.4"
            ],
            "resource_group_name": "rg-k8s-formschratech",
            "tags": null,
            "timeouts": null,
            "virtual_machine_id": ""
          },
          "sensitive_attributes": [],
          "identity_schema_version": 0,
          "identity": {
            "name": "worker-nic",
            "resource_group_name": "rg-k8s-formschratech",
            "subscription_id": "8686b74f-045d-478a-8a33-7f755e36eecf"
          },
          "private": "eyJlMmJmYjczMC1lY2FhLTExZTYtOGY4OC0zNDM2M2JjN2M0YzAiOnsiY3JlYXRlIjoxODAwMDAwMDAwMDAwLCJkZWxldGUiOjE4MDAwMDAwMDAwMDAsInJlYWQiOjMwMDAwMDAwMDAwMCwidXBkYXRlIjoxODAwMDAwMDAwMDAwfX0=",
          "dependencies": [
            "azurerm_public_ip.pip",
            "azurerm_resource_group.rg",
            "azurerm_subnet.subnet",
            "azurerm_virtual_network.vnet"
          ]
        }
      ]
    },
    {
      "mode": "managed",
      "type": "azurerm_network_interface_security_group_association",
      "name": "nsg_assoc",
      "provider": "provider[\"registry.terraform.io/hashicorp/azurerm\"]",
      "instances": [
        {
          "index_key": "master",
          "schema_version": 0,
          "attributes": {
            "id": "/subscriptions/8686b74f-045d-478a-8a33-7f755e36eecf/resourceGroups/rg-k8s-formschratech/providers/Microsoft.Network/networkInterfaces/master-nic|/subscriptions/8686b74f-045d-478a-8a33-7f755e36eecf/resourceGroups/rg-k8s-formschratech/providers/Microsoft.Network/networkSecurityGroups/k8s-nsg",
            "network_interface_id": "/subscriptions/8686b74f-045d-478a-8a33-7f755e36eecf/resourceGroups/rg-k8s-formschratech/providers/Microsoft.Network/networkInterfaces/master-nic",
            "network_security_group_id": "/subscriptions/8686b74f-045d-478a-8a33-7f755e36eecf/resourceGroups/rg-k8s-formschratech/providers/Microsoft.Network/networkSecurityGroups/k8s-nsg",
            "timeouts": null
          },
          "sensitive_attributes": [],
          "identity_schema_version": 0,
          "private": "eyJlMmJmYjczMC1lY2FhLTExZTYtOGY4OC0zNDM2M2JjN2M0YzAiOnsiY3JlYXRlIjoxODAwMDAwMDAwMDAwLCJkZWxldGUiOjE4MDAwMDAwMDAwMDAsInJlYWQiOjMwMDAwMDAwMDAwMH19",
          "dependencies": [
            "azurerm_network_interface.nic",
            "azurerm_network_security_group.nsg",
            "azurerm_public_ip.pip",
            "azurerm_resource_group.rg",
            "azurerm_subnet.subnet",
            "azurerm_virtual_network.vnet"
          ]
        },
        {
          "index_key": "worker",
          "schema_version": 0,
          "attributes": {
            "id": "/subscriptions/8686b74f-045d-478a-8a33-7f755e36eecf/resourceGroups/rg-k8s-formschratech/providers/Microsoft.Network/networkInterfaces/worker-nic|/subscriptions/8686b74f-045d-478a-8a33-7f755e36eecf/resourceGroups/rg-k8s-formschratech/providers/Microsoft.Network/networkSecurityGroups/k8s-nsg",
            "network_interface_id": "/subscriptions/8686b74f-045d-478a-8a33-7f755e36eecf/resourceGroups/rg-k8s-formschratech/providers/Microsoft.Network/networkInterfaces/worker-nic",
            "network_security_group_id": "/subscriptions/8686b74f-045d-478a-8a33-7f755e36eecf/resourceGroups/rg-k8s-formschratech/providers/Microsoft.Network/networkSecurityGroups/k8s-nsg",
            "timeouts": null
          },
          "sensitive_attributes": [],
          "identity_schema_version": 0,
          "private": "eyJlMmJmYjczMC1lY2FhLTExZTYtOGY4OC0zNDM2M2JjN2M0YzAiOnsiY3JlYXRlIjoxODAwMDAwMDAwMDAwLCJkZWxldGUiOjE4MDAwMDAwMDAwMDAsInJlYWQiOjMwMDAwMDAwMDAwMH19",
          "dependencies": [
            "azurerm_network_interface.nic",
            "azurerm_network_security_group.nsg",
            "azurerm_public_ip.pip",
            "azurerm_resource_group.rg",
            "azurerm_subnet.subnet",
            "azurerm_virtual_network.vnet"
          ]
        }
      ]
    },
    {
      "mode": "managed",
      "type": "azurerm_network_security_group",
      "name": "nsg",
      "provider": "provider[\"registry.terraform.io/hashicorp/azurerm\"]",
      "instances": [
        {
          "schema_version": 0,
          "attributes": {
            "id": "/subscriptions/8686b74f-045d-478a-8a33-7f755e36eecf/resourceGroups/rg-k8s-formschratech/providers/Microsoft.Network/networkSecurityGroups/k8s-nsg",
            "location": "francecentral",
            "name": "k8s-nsg",
            "resource_group_name": "rg-k8s-formschratech",
            "security_rule": [
              {
                "access": "Allow",
                "description": "",
                "destination_address_prefix": "*",
                "destination_address_prefixes": [],
                "destination_application_security_group_ids": [],
                "destination_port_range": "22",
                "destination_port_ranges": [],
                "direction": "Inbound",
                "name": "SSH",
                "priority": 100,
                "protocol": "Tcp",
                "source_address_prefix": "*",
                "source_address_prefixes": [],
                "source_application_security_group_ids": [],
                "source_port_range": "*",
                "source_port_ranges": []
              },
              {
                "access": "Allow",
                "description": "",
                "destination_address_prefix": "*",
                "destination_address_prefixes": [],
                "destination_application_security_group_ids": [],
                "destination_port_range": "6443",
                "destination_port_ranges": [],
                "direction": "Inbound",
                "name": "K8S_API",
                "priority": 200,
                "protocol": "Tcp",
                "source_address_prefix": "*",
                "source_address_prefixes": [],
                "source_application_security_group_ids": [],
                "source_port_range": "*",
                "source_port_ranges": []
              }
            ],
            "tags": {},
            "timeouts": null
          },
          "sensitive_attributes": [],
          "identity_schema_version": 0,
          "identity": {
            "name": "k8s-nsg",
            "resource_group_name": "rg-k8s-formschratech",
            "subscription_id": "8686b74f-045d-478a-8a33-7f755e36eecf"
          },
          "private": "eyJlMmJmYjczMC1lY2FhLTExZTYtOGY4OC0zNDM2M2JjN2M0YzAiOnsiY3JlYXRlIjoxODAwMDAwMDAwMDAwLCJkZWxldGUiOjE4MDAwMDAwMDAwMDAsInJlYWQiOjMwMDAwMDAwMDAwMCwidXBkYXRlIjoxODAwMDAwMDAwMDAwfX0=",
          "dependencies": [
            "azurerm_resource_group.rg"
          ]
        }
      ]
    },
    {
      "mode": "managed",
      "type": "azurerm_public_ip",
      "name": "pip",
      "provider": "provider[\"registry.terraform.io/hashicorp/azurerm\"]",
      "instances": [
        {
          "index_key": "master",
          "schema_version": 0,
          "attributes": {
            "allocation_method": "Static",
            "ddos_protection_mode": "VirtualNetworkInherited",
            "ddos_protection_plan_id": null,
            "domain_name_label": null,
            "domain_name_label_scope": null,
            "edge_zone": "",
            "fqdn": null,
            "id": "/subscriptions/8686b74f-045d-478a-8a33-7f755e36eecf/resourceGroups/rg-k8s-formschratech/providers/Microsoft.Network/publicIPAddresses/master-pip",
            "idle_timeout_in_minutes": 4,
            "ip_address": "4.233.62.142",
            "ip_tags": {},
            "ip_version": "IPv4",
            "location": "francecentral",
            "name": "master-pip",
            "public_ip_prefix_id": null,
            "resource_group_name": "rg-k8s-formschratech",
            "reverse_fqdn": null,
            "sku": "Standard",
            "sku_tier": "Regional",
            "tags": {},
            "timeouts": null,
            "zones": []
          },
          "sensitive_attributes": [],
          "identity_schema_version": 0,
          "private": "eyJlMmJmYjczMC1lY2FhLTExZTYtOGY4OC0zNDM2M2JjN2M0YzAiOnsiY3JlYXRlIjoxODAwMDAwMDAwMDAwLCJkZWxldGUiOjE4MDAwMDAwMDAwMDAsInJlYWQiOjMwMDAwMDAwMDAwMCwidXBkYXRlIjoxODAwMDAwMDAwMDAwfX0=",
          "dependencies": [
            "azurerm_resource_group.rg"
          ]
        },
        {
          "index_key": "worker",
          "schema_version": 0,
          "attributes": {
            "allocation_method": "Static",
            "ddos_protection_mode": "VirtualNetworkInherited",
            "ddos_protection_plan_id": null,
            "domain_name_label": null,
            "domain_name_label_scope": null,
            "edge_zone": "",
            "fqdn": null,
            "id": "/subscriptions/8686b74f-045d-478a-8a33-7f755e36eecf/resourceGroups/rg-k8s-formschratech/providers/Microsoft.Network/publicIPAddresses/worker-pip",
            "idle_timeout_in_minutes": 4,
            "ip_address": "4.233.60.193",
            "ip_tags": null,
            "ip_version": "IPv4",
            "location": "francecentral",
            "name": "worker-pip",
            "public_ip_prefix_id": null,
            "resource_group_name": "rg-k8s-formschratech",
            "reverse_fqdn": null,
            "sku": "Standard",
            "sku_tier": "Regional",
            "tags": null,
            "timeouts": null,
            "zones": null
          },
          "sensitive_attributes": [],
          "identity_schema_version": 0,
          "private": "eyJlMmJmYjczMC1lY2FhLTExZTYtOGY4OC0zNDM2M2JjN2M0YzAiOnsiY3JlYXRlIjoxODAwMDAwMDAwMDAwLCJkZWxldGUiOjE4MDAwMDAwMDAwMDAsInJlYWQiOjMwMDAwMDAwMDAwMCwidXBkYXRlIjoxODAwMDAwMDAwMDAwfX0=",
          "dependencies": [
            "azurerm_resource_group.rg"
          ]
        }
      ]
    },
    {
      "mode": "managed",
      "type": "azurerm_resource_group",
      "name": "rg",
      "provider": "provider[\"registry.terraform.io/hashicorp/azurerm\"]",
      "instances": [
        {
          "schema_version": 0,
          "attributes": {
            "id": "/subscriptions/8686b74f-045d-478a-8a33-7f755e36eecf/resourceGroups/rg-k8s-formschratech",
            "location": "francecentral",
            "managed_by": "",
            "name": "rg-k8s-formschratech",
            "tags": {},
            "timeouts": null
          },
          "sensitive_attributes": [],
          "identity_schema_version": 0,
          "identity": {
            "name": "rg-k8s-formschratech",
            "subscription_id": "8686b74f-045d-478a-8a33-7f755e36eecf"
          },
          "private": "eyJlMmJmYjczMC1lY2FhLTExZTYtOGY4OC0zNDM2M2JjN2M0YzAiOnsiY3JlYXRlIjo1NDAwMDAwMDAwMDAwLCJkZWxldGUiOjU0MDAwMDAwMDAwMDAsInJlYWQiOjMwMDAwMDAwMDAwMCwidXBkYXRlIjo1NDAwMDAwMDAwMDAwfX0="
        }
      ]
    },
    {
      "mode": "managed",
      "type": "azurerm_subnet",
      "name": "subnet",
      "provider": "provider[\"registry.terraform.io/hashicorp/azurerm\"]",
      "instances": [
        {
          "schema_version": 0,
          "attributes": {
            "address_prefixes": [
              "10.0.1.0/24"
            ],
            "default_outbound_access_enabled": true,
            "delegation": [],
            "id": "/subscriptions/8686b74f-045d-478a-8a33-7f755e36eecf/resourceGroups/rg-k8s-formschratech/providers/Microsoft.Network/virtualNetworks/k8s-vnet/subnets/k8s-subnet",
            "ip_address_pool": [],
            "name": "k8s-subnet",
            "private_endpoint_network_policies": "Disabled",
            "private_link_service_network_policies_enabled": true,
            "resource_group_name": "rg-k8s-formschratech",
            "service_endpoint_policy_ids": [],
            "service_endpoints": [],
            "sharing_scope": "",
            "timeouts": null,
            "virtual_network_name": "k8s-vnet"
          },
          "sensitive_attributes": [],
          "identity_schema_version": 0,
          "identity": {
            "name": "k8s-subnet",
            "resource_group_name": "rg-k8s-formschratech",
            "subscription_id": "8686b74f-045d-478a-8a33-7f755e36eecf",
            "virtual_network_name": "k8s-vnet"
          },
          "private": "eyJlMmJmYjczMC1lY2FhLTExZTYtOGY4OC0zNDM2M2JjN2M0YzAiOnsiY3JlYXRlIjoxODAwMDAwMDAwMDAwLCJkZWxldGUiOjE4MDAwMDAwMDAwMDAsInJlYWQiOjMwMDAwMDAwMDAwMCwidXBkYXRlIjoxODAwMDAwMDAwMDAwfX0=",
          "dependencies": [
            "azurerm_resource_group.rg",
            "azurerm_virtual_network.vnet"
          ]
        }
      ]
    },
    {
      "mode": "managed",
      "type": "azurerm_virtual_network",
      "name": "vnet",
      "provider": "provider[\"registry.terraform.io/hashicorp/azurerm\"]",
      "instances": [
        {
          "schema_version": 0,
          "attributes": {
            "address_space": [
              "10.0.0.0/16"
            ],
            "bgp_community": "",
            "ddos_protection_plan": [],
            "dns_servers": [],
            "edge_zone": "",
            "encryption": [],
            "flow_timeout_in_minutes": 0,
            "guid": "2c5224c7-cd98-4cc0-8a47-7d438cee3c51",
            "id": "/subscriptions/8686b74f-045d-478a-8a33-7f755e36eecf/resourceGroups/rg-k8s-formschratech/providers/Microsoft.Network/virtualNetworks/k8s-vnet",
            "ip_address_pool": [],
            "location": "francecentral",
            "name": "k8s-vnet",
            "private_endpoint_vnet_policies": "Disabled",
            "resource_group_name": "rg-k8s-formschratech",
            "subnet": [
              {
                "address_prefixes": [
                  "10.0.1.0/24"
                ],
                "default_outbound_access_enabled": true,
                "delegation": [],
                "id": "/subscriptions/8686b74f-045d-478a-8a33-7f755e36eecf/resourceGroups/rg-k8s-formschratech/providers/Microsoft.Network/virtualNetworks/k8s-vnet/subnets/k8s-subnet",
                "name": "k8s-subnet",
                "private_endpoint_network_policies": "Disabled",
                "private_link_service_network_policies_enabled": true,
                "route_table_id": "",
                "security_group": "",
                "service_endpoint_policy_ids": [],
                "service_endpoints": []
              }
            ],
            "tags": {},
            "timeouts": null
          },
          "sensitive_attributes": [],
          "identity_schema_version": 0,
          "identity": {
            "name": "k8s-vnet",
            "resource_group_name": "rg-k8s-formschratech",
            "subscription_id": "8686b74f-045d-478a-8a33-7f755e36eecf"
          },
          "private": "eyJlMmJmYjczMC1lY2FhLTExZTYtOGY4OC0zNDM2M2JjN2M0YzAiOnsiY3JlYXRlIjoxODAwMDAwMDAwMDAwLCJkZWxldGUiOjE4MDAwMDAwMDAwMDAsInJlYWQiOjMwMDAwMDAwMDAwMCwidXBkYXRlIjoxODAwMDAwMDAwMDAwfX0=",
          "dependencies": [
            "azurerm_resource_group.rg"
          ]
        }
      ]
    }
  ],
  "check_results": null
}
